
Microsoft Visual Studio Solution File, Format Version 12.00
# Visual Studio 2013
VisualStudioVersion = 12.0.21005.1
MinimumVisualStudioVersion = 10.0.40219.1
Project("{FAE04EC0-301F-11D3-BF4B-00C04F79EFBC}") = "jaytwo.AspNet.SingleSignOn", "jaytwo.AspNet.SingleSignOn\jaytwo.AspNet.SingleSignOn.csproj", "{8C7E4D58-D06C-4665-B2E5-C487D50564EC}"
EndProject
Project("{FAE04EC0-301F-11D3-BF4B-00C04F79EFBC}") = "MvcDemo", "MvcDemo\MvcDemo.csproj", "{6499F129-21B4-4130-95FF-D1FCFB4751D8}"
EndProject
Global
	GlobalSection(SolutionConfigurationPlatforms) = preSolution
		Debug|Any CPU = Debug|Any CPU
		Release|Any CPU = Release|Any CPU
	EndGlobalSection
	GlobalSection(ProjectConfigurationPlatforms) = postSolution
		{8C7E4D58-D06C-4665-B2E5-C487D50564EC}.Debug|Any CPU.ActiveCfg = Debug|Any CPU
		{8C7E4D58-D06C-4665-B2E5-C487D50564EC}.Debug|Any CPU.Build.0 = Debug|Any CPU
		{8C7E4D58-D06C-4665-B2E5-C487D50564EC}.Release|Any CPU.ActiveCfg = Release|Any CPU
		{8C7E4D58-D06C-4665-B2E5-C487D50564EC}.Release|Any CPU.Build.0 = Release|Any CPU
		{6499F129-21B4-4130-95FF-D1FCFB4751D8}.Debug|Any CPU.ActiveCfg = Debug|Any CPU
		{6499F129-21B4-4130-95FF-D1FCFB4751D8}.Debug|Any CPU.Build.0 = Debug|Any CPU
		{6499F129-21B4-4130-95FF-D1FCFB4751D8}.Release|Any CPU.ActiveCfg = Release|Any CPU
		{6499F129-21B4-4130-95FF-D1FCFB4751D8}.Release|Any CPU.Build.0 = Release|Any CPU
	EndGlobalSection
	GlobalSection(SolutionProperties) = preSolution
		HideSolutionNode = FALSE
	EndGlobalSection
EndGlobal
